
Microsoft Visual Studio Solution File, Format Version 12.00
# Visual Studio 15
VisualStudioVersion = 15.0.28010.2036
MinimumVisualStudioVersion = 10.0.40219.1
Project("{9A19103F-16F7-4668-BE54-9A1E7A4F7556}") = "SmartCode", "src\SmartCode\SmartCode.csproj", "{A9BB7212-C52B-46DB-836B-DB3ED282FF96}"
EndProject
Project("{9A19103F-16F7-4668-BE54-9A1E7A4F7556}") = "SmartCode.CLI", "src\SmartCode.CLI\SmartCode.CLI.csproj", "{8FFFD66C-3779-4E10-B596-539F9BFAC879}"
EndProject
Project("{9A19103F-16F7-4668-BE54-9A1E7A4F7556}") = "SmartCode.Tests", "src\SmartCode.Tests\SmartCode.Tests.csproj", "{D19BC6DA-259B-45CC-8194-43F5016636A5}"
EndProject
Project("{9A19103F-16F7-4668-BE54-9A1E7A4F7556}") = "SmartCode.Db", "src\SmartCode.Db\SmartCode.Db.csproj", "{049640FC-0C05-4C0D-AEF1-858B992225F5}"
EndProject
Project("{9A19103F-16F7-4668-BE54-9A1E7A4F7556}") = "SmartCode.App", "src\SmartCode.App\SmartCode.App.csproj", "{7D237A9F-4A67-4885-9190-2F8073A11B4A}"
EndProject
Project("{9A19103F-16F7-4668-BE54-9A1E7A4F7556}") = "SmartCode.TemplateEngine", "src\SmartCode.TemplateEngine\SmartCode.TemplateEngine.csproj", "{6AA5EF8A-9D31-4E41-A040-23289D4358E1}"
EndProject
Project("{2150E333-8FDC-42A3-9474-1A3956D46DE8}") = "Code Generator", "Code Generator", "{7CAB5427-3BDA-4F40-82DA-9B8380101739}"
EndProject
Project("{9A19103F-16F7-4668-BE54-9A1E7A4F7556}") = "SmartCode.Generator", "src\SmartCode.Generator\SmartCode.Generator.csproj", "{686D9B68-EE1F-426A-8AB2-70E8731C6E4C}"
EndProject
Project("{2150E333-8FDC-42A3-9474-1A3956D46DE8}") = "ETL", "ETL", "{EE2194B6-5B23-42C0-AF6A-EC86331E3E08}"
EndProject
Project("{9A19103F-16F7-4668-BE54-9A1E7A4F7556}") = "SmartCode.ETL", "src\SmartCode.ETL\SmartCode.ETL.csproj", "{95071030-0C10-4771-B093-4F2626A39F9F}"
EndProject
Project("{9A19103F-16F7-4668-BE54-9A1E7A4F7556}") = "SmartCode.ETL.PostgreSql", "src\SmartCode.ETL.PostgreSql\SmartCode.ETL.PostgreSql.csproj", "{60B49703-2352-477B-8F18-98CC229EEFDA}"
EndProject
Project("{9A19103F-16F7-4668-BE54-9A1E7A4F7556}") = "SmartCode.ETL.SQLite", "src\SmartCode.ETL.SQLite\SmartCode.ETL.SQLite.csproj", "{BB00F470-7D25-4F82-A410-1DB8BD458A5E}"
EndProject
Project("{9A19103F-16F7-4668-BE54-9A1E7A4F7556}") = "SmartCode.ETL.LoadToES", "src\SmartCode.ETL.LoadToES\SmartCode.ETL.LoadToES.csproj", "{DADD6996-91C4-496D-AE97-D8EA5E33716A}"
EndProject
Project("{2150E333-8FDC-42A3-9474-1A3956D46DE8}") = "Build", "Build", "{B0F696A9-339D-4348-9032-F8DFC775ABD4}"
	ProjectSection(SolutionItems) = preProject
		Directory.Build.props = Directory.Build.props
		build\version.props = build\version.props
	EndProjectSection
EndProject
Project("{2150E333-8FDC-42A3-9474-1A3956D46DE8}") = "Solution Items", "Solution Items", "{55E0A4D0-F749-4C33-837C-30F881AA293F}"
	ProjectSection(SolutionItems) = preProject
		Directory.Build.props = Directory.Build.props
		LICENSE = LICENSE
		README-EN.md = README-EN.md
		README.md = README.md
	EndProjectSection
EndProject
Project("{2150E333-8FDC-42A3-9474-1A3956D46DE8}") = "doc", "doc", "{B3766EC2-4AD1-4610-B141-5C8D267BF70A}"
	ProjectSection(SolutionItems) = preProject
		doc\common-problem.md = doc\common-problem.md
		doc\SmartCode-ETL-ES.yml = doc\SmartCode-ETL-ES.yml
		doc\SmartCode-ETL.yml = doc\SmartCode-ETL.yml
		doc\SmartCode-Gen-ETL.yml = doc\SmartCode-Gen-ETL.yml
		doc\SmartCode-Spring-Boot.yml = doc\SmartCode-Spring-Boot.yml
		doc\SmartCode.ETL-EN.md = doc\SmartCode.ETL-EN.md
		doc\SmartCode.ETL.md = doc\SmartCode.ETL.md
		doc\SmartCode.json = doc\SmartCode.json
		doc\SmartCode.yml = doc\SmartCode.yml
	EndProjectSection
EndProject
Global
	GlobalSection(SolutionConfigurationPlatforms) = preSolution
		Debug|Any CPU = Debug|Any CPU
		Release|Any CPU = Release|Any CPU
	EndGlobalSection
	GlobalSection(ProjectConfigurationPlatforms) = postSolution
		{A9BB7212-C52B-46DB-836B-DB3ED282FF96}.Debug|Any CPU.ActiveCfg = Debug|Any CPU
		{A9BB7212-C52B-46DB-836B-DB3ED282FF96}.Debug|Any CPU.Build.0 = Debug|Any CPU
		{A9BB7212-C52B-46DB-836B-DB3ED282FF96}.Release|Any CPU.ActiveCfg = Release|Any CPU
		{A9BB7212-C52B-46DB-836B-DB3ED282FF96}.Release|Any CPU.Build.0 = Release|Any CPU
		{8FFFD66C-3779-4E10-B596-539F9BFAC879}.Debug|Any CPU.ActiveCfg = Debug|Any CPU
		{8FFFD66C-3779-4E10-B596-539F9BFAC879}.Debug|Any CPU.Build.0 = Debug|Any CPU
		{8FFFD66C-3779-4E10-B596-539F9BFAC879}.Release|Any CPU.ActiveCfg = Release|Any CPU
		{8FFFD66C-3779-4E10-B596-539F9BFAC879}.Release|Any CPU.Build.0 = Release|Any CPU
		{D19BC6DA-259B-45CC-8194-43F5016636A5}.Debug|Any CPU.ActiveCfg = Debug|Any CPU
		{D19BC6DA-259B-45CC-8194-43F5016636A5}.Debug|Any CPU.Build.0 = Debug|Any CPU
		{D19BC6DA-259B-45CC-8194-43F5016636A5}.Release|Any CPU.ActiveCfg = Release|Any CPU
		{D19BC6DA-259B-45CC-8194-43F5016636A5}.Release|Any CPU.Build.0 = Release|Any CPU
		{049640FC-0C05-4C0D-AEF1-858B992225F5}.Debug|Any CPU.ActiveCfg = Debug|Any CPU
		{049640FC-0C05-4C0D-AEF1-858B992225F5}.Debug|Any CPU.Build.0 = Debug|Any CPU
		{049640FC-0C05-4C0D-AEF1-858B992225F5}.Release|Any CPU.ActiveCfg = Release|Any CPU
		{049640FC-0C05-4C0D-AEF1-858B992225F5}.Release|Any CPU.Build.0 = Release|Any CPU
		{7D237A9F-4A67-4885-9190-2F8073A11B4A}.Debug|Any CPU.ActiveCfg = Debug|Any CPU
		{7D237A9F-4A67-4885-9190-2F8073A11B4A}.Debug|Any CPU.Build.0 = Debug|Any CPU
		{7D237A9F-4A67-4885-9190-2F8073A11B4A}.Release|Any CPU.ActiveCfg = Release|Any CPU
		{7D237A9F-4A67-4885-9190-2F8073A11B4A}.Release|Any CPU.Build.0 = Release|Any CPU
		{6AA5EF8A-9D31-4E41-A040-23289D4358E1}.Debug|Any CPU.ActiveCfg = Debug|Any CPU
		{6AA5EF8A-9D31-4E41-A040-23289D4358E1}.Debug|Any CPU.Build.0 = Debug|Any CPU
		{6AA5EF8A-9D31-4E41-A040-23289D4358E1}.Release|Any CPU.ActiveCfg = Release|Any CPU
		{6AA5EF8A-9D31-4E41-A040-23289D4358E1}.Release|Any CPU.Build.0 = Release|Any CPU
		{686D9B68-EE1F-426A-8AB2-70E8731C6E4C}.Debug|Any CPU.ActiveCfg = Debug|Any CPU
		{686D9B68-EE1F-426A-8AB2-70E8731C6E4C}.Debug|Any CPU.Build.0 = Debug|Any CPU
		{686D9B68-EE1F-426A-8AB2-70E8731C6E4C}.Release|Any CPU.ActiveCfg = Release|Any CPU
		{686D9B68-EE1F-426A-8AB2-70E8731C6E4C}.Release|Any CPU.Build.0 = Release|Any CPU
		{95071030-0C10-4771-B093-4F2626A39F9F}.Debug|Any CPU.ActiveCfg = Debug|Any CPU
		{95071030-0C10-4771-B093-4F2626A39F9F}.Debug|Any CPU.Build.0 = Debug|Any CPU
		{95071030-0C10-4771-B093-4F2626A39F9F}.Release|Any CPU.ActiveCfg = Release|Any CPU
		{95071030-0C10-4771-B093-4F2626A39F9F}.Release|Any CPU.Build.0 = Release|Any CPU
		{60B49703-2352-477B-8F18-98CC229EEFDA}.Debug|Any CPU.ActiveCfg = Debug|Any CPU
		{60B49703-2352-477B-8F18-98CC229EEFDA}.Debug|Any CPU.Build.0 = Debug|Any CPU
		{60B49703-2352-477B-8F18-98CC229EEFDA}.Release|Any CPU.ActiveCfg = Release|Any CPU
		{60B49703-2352-477B-8F18-98CC229EEFDA}.Release|Any CPU.Build.0 = Release|Any CPU
		{BB00F470-7D25-4F82-A410-1DB8BD458A5E}.Debug|Any CPU.ActiveCfg = Debug|Any CPU
		{BB00F470-7D25-4F82-A410-1DB8BD458A5E}.Debug|Any CPU.Build.0 = Debug|Any CPU
		{BB00F470-7D25-4F82-A410-1DB8BD458A5E}.Release|Any CPU.ActiveCfg = Release|Any CPU
		{BB00F470-7D25-4F82-A410-1DB8BD458A5E}.Release|Any CPU.Build.0 = Release|Any CPU
		{DADD6996-91C4-496D-AE97-D8EA5E33716A}.Debug|Any CPU.ActiveCfg = Debug|Any CPU
		{DADD6996-91C4-496D-AE97-D8EA5E33716A}.Debug|Any CPU.Build.0 = Debug|Any CPU
		{DADD6996-91C4-496D-AE97-D8EA5E33716A}.Release|Any CPU.ActiveCfg = Release|Any CPU
		{DADD6996-91C4-496D-AE97-D8EA5E33716A}.Release|Any CPU.Build.0 = Release|Any CPU
	EndGlobalSection
	GlobalSection(SolutionProperties) = preSolution
		HideSolutionNode = FALSE
	EndGlobalSection
	GlobalSection(NestedProjects) = preSolution
		{686D9B68-EE1F-426A-8AB2-70E8731C6E4C} = {7CAB5427-3BDA-4F40-82DA-9B8380101739}
		{95071030-0C10-4771-B093-4F2626A39F9F} = {EE2194B6-5B23-42C0-AF6A-EC86331E3E08}
		{60B49703-2352-477B-8F18-98CC229EEFDA} = {EE2194B6-5B23-42C0-AF6A-EC86331E3E08}
		{BB00F470-7D25-4F82-A410-1DB8BD458A5E} = {EE2194B6-5B23-42C0-AF6A-EC86331E3E08}
		{DADD6996-91C4-496D-AE97-D8EA5E33716A} = {EE2194B6-5B23-42C0-AF6A-EC86331E3E08}
		{B3766EC2-4AD1-4610-B141-5C8D267BF70A} = {55E0A4D0-F749-4C33-837C-30F881AA293F}
	EndGlobalSection
	GlobalSection(ExtensibilityGlobals) = postSolution
		SolutionGuid = {9A45CDB0-E532-4F55-84C6-B82C98BE5F38}
	EndGlobalSection
EndGlobal
